
Microsoft Visual Studio Solution File, Format Version 12.00
# Visual Studio Version 17
VisualStudioVersion = 17.5.002.0
MinimumVisualStudioVersion = 10.0.40219.1
Project("{9A19103F-16F7-4668-BE54-9A1E7A4F7556}") = "DesafioFundamentos", "DesafioFundamentos.csproj", "{CA2E8F12-6405-4AEF-9670-5C62A0FE475B}"
EndProject
Global
	GlobalSection(SolutionConfigurationPlatforms) = preSolution
		Debug|Any CPU = Debug|Any CPU
		Release|Any CPU = Release|Any CPU
	EndGlobalSection
	GlobalSection(ProjectConfigurationPlatforms) = postSolution
		{CA2E8F12-6405-4AEF-9670-5C62A0FE475B}.Debug|Any CPU.ActiveCfg = Debug|Any CPU
		{CA2E8F12-6405-4AEF-9670-5C62A0FE475B}.Debug|Any CPU.Build.0 = Debug|Any CPU
		{CA2E8F12-6405-4AEF-9670-5C62A0FE475B}.Release|Any CPU.ActiveCfg = Release|Any CPU
		{CA2E8F12-6405-4AEF-9670-5C62A0FE475B}.Release|Any CPU.Build.0 = Release|Any CPU
	EndGlobalSection
	GlobalSection(SolutionProperties) = preSolution
		HideSolutionNode = FALSE
	EndGlobalSection
	GlobalSection(ExtensibilityGlobals) = postSolution
		SolutionGuid = {3A993629-1053-4BEC-A566-07D1FFACC043}
	EndGlobalSection
EndGlobal
